{
  "name": "neptune",
  "version": "0.2.0",
  "lockfileVersion": 3,
  "requires": true,
  "packages": {
    "": {
      "name": "neptune",
      "version": "0.2.0",
      "license": "MIT",
      "dependencies": {
        "smooth-scrollbar": "^8.8.3"
      }
    },
    "node_modules/core-js": {
      "version": "3.30.1",
      "resolved": "https://registry.npmjs.org/core-js/-/core-js-3.30.1.tgz",
      "integrity": "sha512-ZNS5nbiSwDTq4hFosEDqm65izl2CWmLz0hARJMyNQBgkUZMIF51cQiMvIQKA6hvuaeWxQDP3hEedM1JZIgTldQ==",
      "hasInstallScript": true,
      "funding": {
        "type": "opencollective",
        "url": "https://opencollective.com/core-js"
      }
    },
    "node_modules/smooth-scrollbar": {
      "version": "8.8.3",
      "resolved": "https://registry.npmjs.org/smooth-scrollbar/-/smooth-scrollbar-8.8.3.tgz",
      "integrity": "sha512-1/mTQx0PixUP9cvPNO+41imKPvfsLvDuNOLX8kOzXugibFXXH9L5Nc5DcDzdJWc4Qw2w3ROZZ152dCAJ4Sd+zw==",
      "dependencies": {
        "core-js": "^3.6.4",
        "tslib": "^1.10.0"
      }
    },
    "node_modules/tslib": {
      "version": "1.14.1",
      "resolved": "https://registry.npmjs.org/tslib/-/tslib-1.14.1.tgz",
      "integrity": "sha512-Xni35NKzjgMrwevysHTCArtLDpPvye8zV/0E4EyYn43P7/7qvQwPh9BGkHewbMulVntbigmcT7rdX3BNo9wRJg=="
    }
  }
}
